
Microsoft Visual Studio Solution File, Format Version 12.00
# Visual Studio Version 16
VisualStudioVersion = 16.0.33130.400
MinimumVisualStudioVersion = 10.0.40219.1
Project("{FAE04EC0-301F-11D3-BF4B-00C04F79EFBC}") = "musafir_2", "musafir_2\musafir_2.csproj", "{728995ED-DFF4-41DC-BF8B-E78164B8C1D5}"
EndProject
Global
	GlobalSection(SolutionConfigurationPlatforms) = preSolution
		Debug|Any CPU = Debug|Any CPU
		Release|Any CPU = Release|Any CPU
	EndGlobalSection
	GlobalSection(ProjectConfigurationPlatforms) = postSolution
		{728995ED-DFF4-41DC-BF8B-E78164B8C1D5}.Debug|Any CPU.ActiveCfg = Debug|Any CPU
		{728995ED-DFF4-41DC-BF8B-E78164B8C1D5}.Debug|Any CPU.Build.0 = Debug|Any CPU
		{728995ED-DFF4-41DC-BF8B-E78164B8C1D5}.Release|Any CPU.ActiveCfg = Release|Any CPU
		{728995ED-DFF4-41DC-BF8B-E78164B8C1D5}.Release|Any CPU.Build.0 = Release|Any CPU
	EndGlobalSection
	GlobalSection(SolutionProperties) = preSolution
		HideSolutionNode = FALSE
	EndGlobalSection
	GlobalSection(ExtensibilityGlobals) = postSolution
		SolutionGuid = {2963918A-B590-424B-B2EA-20D9821A86A9}
	EndGlobalSection
EndGlobal
